
Microsoft Visual Studio Solution File, Format Version 12.00
# Visual Studio 15
VisualStudioVersion = 15.0.27130.2036
MinimumVisualStudioVersion = 10.0.40219.1
Project("{FAE04EC0-301F-11D3-BF4B-00C04F79EFBC}") = "Vistalba", "Principal\Vistalba.csproj", "{2A8964A7-939D-4D20-AA25-1CB198305631}"
EndProject
Global
	GlobalSection(SolutionConfigurationPlatforms) = preSolution
		Debug|Any CPU = Debug|Any CPU
		Release|Any CPU = Release|Any CPU
	EndGlobalSection
	GlobalSection(ProjectConfigurationPlatforms) = postSolution
		{2A8964A7-939D-4D20-AA25-1CB198305631}.Debug|Any CPU.ActiveCfg = Release|Any CPU
		{2A8964A7-939D-4D20-AA25-1CB198305631}.Debug|Any CPU.Build.0 = Release|Any CPU
		{2A8964A7-939D-4D20-AA25-1CB198305631}.Release|Any CPU.ActiveCfg = Release|Any CPU
		{2A8964A7-939D-4D20-AA25-1CB198305631}.Release|Any CPU.Build.0 = Release|Any CPU
	EndGlobalSection
	GlobalSection(SolutionProperties) = preSolution
		HideSolutionNode = FALSE
	EndGlobalSection
	GlobalSection(ExtensibilityGlobals) = postSolution
		SolutionGuid = {13F2CDF3-715D-4D36-91F0-38FAD34ACA7D}
	EndGlobalSection
EndGlobal
